
Microsoft Visual Studio Solution File, Format Version 12.00
# Visual Studio Version 17
VisualStudioVersion = 17.7.34009.444
MinimumVisualStudioVersion = 10.0.40219.1
Project("{888888A0-9F3D-457C-B088-3A5042F75D52}") = "CompGrafica_atividade01", "CompGrafica_atividade01\CompGrafica_atividade01.pyproj", "{7B3C22AA-D46B-421C-89DA-FB0F999D562F}"
EndProject
Global
	GlobalSection(SolutionConfigurationPlatforms) = preSolution
		Debug|Any CPU = Debug|Any CPU
		Release|Any CPU = Release|Any CPU
	EndGlobalSection
	GlobalSection(ProjectConfigurationPlatforms) = postSolution
		{7B3C22AA-D46B-421C-89DA-FB0F999D562F}.Debug|Any CPU.ActiveCfg = Debug|Any CPU
		{7B3C22AA-D46B-421C-89DA-FB0F999D562F}.Release|Any CPU.ActiveCfg = Release|Any CPU
	EndGlobalSection
	GlobalSection(SolutionProperties) = preSolution
		HideSolutionNode = FALSE
	EndGlobalSection
	GlobalSection(ExtensibilityGlobals) = postSolution
		SolutionGuid = {492AA333-BD38-4133-A9C2-59ED190C723A}
	EndGlobalSection
EndGlobal
